
Microsoft Visual Studio Solution File, Format Version 12.00
# Visual Studio Version 16
VisualStudioVersion = 16.0.29920.165
MinimumVisualStudioVersion = 10.0.40219.1
Project("{FAE04EC0-301F-11D3-BF4B-00C04F79EFBC}") = "GrpcServer.Web", "GrpcServer.Web\GrpcServer.Web.csproj", "{8CB652F5-F531-4621-831F-9E2E8DD14738}"
EndProject
Global
	GlobalSection(SolutionConfigurationPlatforms) = preSolution
		Debug|Any CPU = Debug|Any CPU
		Release|Any CPU = Release|Any CPU
	EndGlobalSection
	GlobalSection(ProjectConfigurationPlatforms) = postSolution
		{8CB652F5-F531-4621-831F-9E2E8DD14738}.Debug|Any CPU.ActiveCfg = Debug|Any CPU
		{8CB652F5-F531-4621-831F-9E2E8DD14738}.Debug|Any CPU.Build.0 = Debug|Any CPU
		{8CB652F5-F531-4621-831F-9E2E8DD14738}.Release|Any CPU.ActiveCfg = Release|Any CPU
		{8CB652F5-F531-4621-831F-9E2E8DD14738}.Release|Any CPU.Build.0 = Release|Any CPU
	EndGlobalSection
	GlobalSection(SolutionProperties) = preSolution
		HideSolutionNode = FALSE
	EndGlobalSection
	GlobalSection(ExtensibilityGlobals) = postSolution
		SolutionGuid = {35F0AB43-477C-4116-ABCC-3289DB42D93F}
	EndGlobalSection
EndGlobal
